<?xml version="1.0" encoding="UTF-8"?>
<Project ToolsVersion="12.0" xmlns="http://schemas.microsoft.com/developer/msbuild/2003">
  <ItemGroup>
    <CustomBuild Include="C:\Users\Kevin\Desktop\KTEngine\CMakeFiles\c849ff24300ca6228f1437c3e9701a21\INSTALL_force.rule">
      <Filter>CMake Rules</Filter>
    </CustomBuild>
  </ItemGroup>
  <ItemGroup>
    <Filter Include="CMake Rules">
      <UniqueIdentifier>{44DBFF2C-268A-444F-B202-254E30378152}</UniqueIdentifier>
    </Filter>
  </ItemGroup>
</Project>
